
Microsoft Visual Studio Solution File, Format Version 12.00
# Visual Studio Version 16
VisualStudioVersion = 16.0.29519.87
MinimumVisualStudioVersion = 10.0.40219.1
Project("{9A19103F-16F7-4668-BE54-9A1E7A4F7556}") = "c-sharp-playground", "c-sharp-playground.csproj", "{659D8E10-15B9-478B-B9AE-6CE6B88AD8F9}"
EndProject
Global
	GlobalSection(SolutionConfigurationPlatforms) = preSolution
		Debug|Any CPU = Debug|Any CPU
		Release|Any CPU = Release|Any CPU
	EndGlobalSection
	GlobalSection(ProjectConfigurationPlatforms) = postSolution
		{659D8E10-15B9-478B-B9AE-6CE6B88AD8F9}.Debug|Any CPU.ActiveCfg = Debug|Any CPU
		{659D8E10-15B9-478B-B9AE-6CE6B88AD8F9}.Debug|Any CPU.Build.0 = Debug|Any CPU
		{659D8E10-15B9-478B-B9AE-6CE6B88AD8F9}.Release|Any CPU.ActiveCfg = Release|Any CPU
		{659D8E10-15B9-478B-B9AE-6CE6B88AD8F9}.Release|Any CPU.Build.0 = Release|Any CPU
	EndGlobalSection
	GlobalSection(SolutionProperties) = preSolution
		HideSolutionNode = FALSE
	EndGlobalSection
	GlobalSection(ExtensibilityGlobals) = postSolution
		SolutionGuid = {B2F88428-029C-4082-ADE1-6FE9A1F13A00}
	EndGlobalSection
EndGlobal
